
Microsoft Visual Studio Solution File, Format Version 12.00
# Visual Studio Version 17
VisualStudioVersion = 17.14.36203.30 d17.14
MinimumVisualStudioVersion = 10.0.40219.1
Project("{FAE04EC0-301F-11D3-BF4B-00C04F79EFBC}") = "ISC_Project", "ISC_Project.csproj", "{F42472B9-EEB8-4A93-806A-D55F4B8155B4}"
EndProject
Global
	GlobalSection(SolutionConfigurationPlatforms) = preSolution
		Debug|Any CPU = Debug|Any CPU
		Release|Any CPU = Release|Any CPU
	EndGlobalSection
	GlobalSection(ProjectConfigurationPlatforms) = postSolution
		{F42472B9-EEB8-4A93-806A-D55F4B8155B4}.Debug|Any CPU.ActiveCfg = Debug|Any CPU
		{F42472B9-EEB8-4A93-806A-D55F4B8155B4}.Debug|Any CPU.Build.0 = Debug|Any CPU
		{F42472B9-EEB8-4A93-806A-D55F4B8155B4}.Release|Any CPU.ActiveCfg = Release|Any CPU
		{F42472B9-EEB8-4A93-806A-D55F4B8155B4}.Release|Any CPU.Build.0 = Release|Any CPU
	EndGlobalSection
	GlobalSection(SolutionProperties) = preSolution
		HideSolutionNode = FALSE
	EndGlobalSection
	GlobalSection(ExtensibilityGlobals) = postSolution
		SolutionGuid = {CB14FC07-0AB9-4106-94D0-8B47CCC3A8B7}
	EndGlobalSection
EndGlobal
